
Microsoft Visual Studio Solution File, Format Version 12.00
# Visual Studio 15
VisualStudioVersion = 15.0.28010.2046
MinimumVisualStudioVersion = 10.0.40219.1
Project("{FAE04EC0-301F-11D3-BF4B-00C04F79EFBC}") = "game", "game\game.csproj", "{EC1BE5B1-96B5-4695-BB2D-165A84626904}"
EndProject
Global
	GlobalSection(SolutionConfigurationPlatforms) = preSolution
		Debug|Any CPU = Debug|Any CPU
		Release|Any CPU = Release|Any CPU
	EndGlobalSection
	GlobalSection(ProjectConfigurationPlatforms) = postSolution
		{EC1BE5B1-96B5-4695-BB2D-165A84626904}.Debug|Any CPU.ActiveCfg = Debug|Any CPU
		{EC1BE5B1-96B5-4695-BB2D-165A84626904}.Debug|Any CPU.Build.0 = Debug|Any CPU
		{EC1BE5B1-96B5-4695-BB2D-165A84626904}.Release|Any CPU.ActiveCfg = Release|Any CPU
		{EC1BE5B1-96B5-4695-BB2D-165A84626904}.Release|Any CPU.Build.0 = Release|Any CPU
	EndGlobalSection
	GlobalSection(SolutionProperties) = preSolution
		HideSolutionNode = FALSE
	EndGlobalSection
	GlobalSection(ExtensibilityGlobals) = postSolution
		SolutionGuid = {2E75AE41-FC5B-4B9F-A90C-A1C821F35683}
	EndGlobalSection
EndGlobal
